// !$*UTF8*$!
{
	archiveVersion = 1;
	classes = {
	};
	objectVersion = 51;
	objects = {

/* Begin PBXBuildFile section */
		9ED76A60E19BF9DD8AC0B093 /* Pods_Mediator_Example_Mediator_Example.framework in Frameworks */ = {isa = PBXBuildFile; fileRef = 791FD7578DCBE8C51FDCEB6F /* Pods_Mediator_Example_Mediator_Example.framework */; };
		E81CCDE62644369F009BABB0 /* AppDelegate.swift in Sources */ = {isa = PBXBuildFile; fileRef = E81CCDE52644369F009BABB0 /* AppDelegate.swift */; };
		E81CCDEF264436A0009BABB0 /* Assets.xcassets in Resources */ = {isa = PBXBuildFile; fileRef = E81CCDEE264436A0009BABB0 /* Assets.xcassets */; };
		E81CCDF2264436A0009BABB0 /* LaunchScreen.storyboard in Resources */ = {isa = PBXBuildFile; fileRef = E81CCDF0264436A0009BABB0 /* LaunchScreen.storyboard */; };
		E81CCDFD264436A0009BABB0 /* MediatorTests.swift in Sources */ = {isa = PBXBuildFile; fileRef = E81CCDFC264436A0009BABB0 /* MediatorTests.swift */; };
		E81CCE08264436A0009BABB0 /* MediatorUITests.swift in Sources */ = {isa = PBXBuildFile; fileRef = E81CCE07264436A0009BABB0 /* MediatorUITests.swift */; };
/* End PBXBuildFile section */

/* Begin PBXContainerItemProxy section */
		E81CCDF9264436A0009BABB0 /* PBXContainerItemProxy */ = {
			isa = PBXContainerItemProxy;
			containerPortal = E81CCDDA2644369F009BABB0 /* Project object */;
			proxyType = 1;
			remoteGlobalIDString = E81CCDE12644369F009BABB0;
			remoteInfo = Mediator;
		};
		E81CCE04264436A0009BABB0 /* PBXContainerItemProxy */ = {
			isa = PBXContainerItemProxy;
			containerPortal = E81CCDDA2644369F009BABB0 /* Project object */;
			proxyType = 1;
			remoteGlobalIDString = E81CCDE12644369F009BABB0;
			remoteInfo = Mediator;
		};
/* End PBXContainerItemProxy section */

/* Begin PBXFileReference section */
		04E77C1EDEC5D09A9E0CADE9 /* Pods-Mediator-Example-Mediator-Example.debug.xcconfig */ = {isa = PBXFileReference; includeInIndex = 1; lastKnownFileType = text.xcconfig; name = "Pods-Mediator-Example-Mediator-Example.debug.xcconfig"; path = "Target Support Files/Pods-Mediator-Example-Mediator-Example/Pods-Mediator-Example-Mediator-Example.debug.xcconfig"; sourceTree = "<group>"; };
		791FD7578DCBE8C51FDCEB6F /* Pods_Mediator_Example_Mediator_Example.framework */ = {isa = PBXFileReference; explicitFileType = wrapper.framework; includeInIndex = 0; path = Pods_Mediator_Example_Mediator_Example.framework; sourceTree = BUILT_PRODUCTS_DIR; };
		E81CCDE22644369F009BABB0 /* Mediator-Example.app */ = {isa = PBXFileReference; explicitFileType = wrapper.application; includeInIndex = 0; path = "Mediator-Example.app"; sourceTree = BUILT_PRODUCTS_DIR; };
		E81CCDE52644369F009BABB0 /* AppDelegate.swift */ = {isa = PBXFileReference; lastKnownFileType = sourcecode.swift; path = AppDelegate.swift; sourceTree = "<group>"; };
		E81CCDEE264436A0009BABB0 /* Assets.xcassets */ = {isa = PBXFileReference; lastKnownFileType = folder.assetcatalog; path = Assets.xcassets; sourceTree = "<group>"; };
		E81CCDF1264436A0009BABB0 /* Base */ = {isa = PBXFileReference; lastKnownFileType = file.storyboard; name = Base; path = Base.lproj/LaunchScreen.storyboard; sourceTree = "<group>"; };
		E81CCDF3264436A0009BABB0 /* Info.plist */ = {isa = PBXFileReference; lastKnownFileType = text.plist.xml; path = Info.plist; sourceTree = "<group>"; };
		E81CCDF8264436A0009BABB0 /* Mediator-ExampleTests.xctest */ = {isa = PBXFileReference; explicitFileType = wrapper.cfbundle; includeInIndex = 0; path = "Mediator-ExampleTests.xctest"; sourceTree = BUILT_PRODUCTS_DIR; };
		E81CCDFC264436A0009BABB0 /* MediatorTests.swift */ = {isa = PBXFileReference; lastKnownFileType = sourcecode.swift; path = MediatorTests.swift; sourceTree = "<group>"; };
		E81CCDFE264436A0009BABB0 /* Info.plist */ = {isa = PBXFileReference; lastKnownFileType = text.plist.xml; path = Info.plist; sourceTree = "<group>"; };
		E81CCE03264436A0009BABB0 /* Mediator-ExampleUITests.xctest */ = {isa = PBXFileReference; explicitFileType = wrapper.cfbundle; includeInIndex = 0; path = "Mediator-ExampleUITests.xctest"; sourceTree = BUILT_PRODUCTS_DIR; };
		E81CCE07264436A0009BABB0 /* MediatorUITests.swift */ = {isa = PBXFileReference; lastKnownFileType = sourcecode.swift; path = MediatorUITests.swift; sourceTree = "<group>"; };
		E81CCE09264436A0009BABB0 /* Info.plist */ = {isa = PBXFileReference; lastKnownFileType = text.plist.xml; path = Info.plist; sourceTree = "<group>"; };
		E8EBAB0952C90315B386C190 /* Pods-Mediator-Example-Mediator-Example.release.xcconfig */ = {isa = PBXFileReference; includeInIndex = 1; lastKnownFileType = text.xcconfig; name = "Pods-Mediator-Example-Mediator-Example.release.xcconfig"; path = "Target Support Files/Pods-Mediator-Example-Mediator-Example/Pods-Mediator-Example-Mediator-Example.release.xcconfig"; sourceTree = "<group>"; };
/* End PBXFileReference section */

/* Begin PBXFrameworksBuildPhase section */
		E81CCDDF2644369F009BABB0 /* Frameworks */ = {
			isa = PBXFrameworksBuildPhase;
			buildActionMask = 2147483647;
			files = (
				9ED76A60E19BF9DD8AC0B093 /* Pods_Mediator_Example_Mediator_Example.framework in Frameworks */,
			);
			runOnlyForDeploymentPostprocessing = 0;
		};
		E81CCDF5264436A0009BABB0 /* Frameworks */ = {
			isa = PBXFrameworksBuildPhase;
			buildActionMask = 2147483647;
			files = (
			);
			runOnlyForDeploymentPostprocessing = 0;
		};
		E81CCE00264436A0009BABB0 /* Frameworks */ = {
			isa = PBXFrameworksBuildPhase;
			buildActionMask = 2147483647;
			files = (
			);
			runOnlyForDeploymentPostprocessing = 0;
		};
/* End PBXFrameworksBuildPhase section */

/* Begin PBXGroup section */
		3AE26488C089DC598BC3EE4F /* Frameworks */ = {
			isa = PBXGroup;
			children = (
				791FD7578DCBE8C51FDCEB6F /* Pods_Mediator_Example_Mediator_Example.framework */,
			);
			name = Frameworks;
			sourceTree = "<group>";
		};
		E81CCDD92644369F009BABB0 = {
			isa = PBXGroup;
			children = (
				E81CCDE42644369F009BABB0 /* Mediator */,
				E81CCDFB264436A0009BABB0 /* MediatorTests */,
				E81CCE06264436A0009BABB0 /* MediatorUITests */,
				E81CCDE32644369F009BABB0 /* Products */,
				FCC005A7AEB9A56AC17C3268 /* Pods */,
				3AE26488C089DC598BC3EE4F /* Frameworks */,
			);
			sourceTree = "<group>";
		};
		E81CCDE32644369F009BABB0 /* Products */ = {
			isa = PBXGroup;
			children = (
				E81CCDE22644369F009BABB0 /* Mediator-Example.app */,
				E81CCDF8264436A0009BABB0 /* Mediator-ExampleTests.xctest */,
				E81CCE03264436A0009BABB0 /* Mediator-ExampleUITests.xctest */,
			);
			name = Products;
			sourceTree = "<group>";
		};
		E81CCDE42644369F009BABB0 /* Mediator */ = {
			isa = PBXGroup;
			children = (
				E81CCDE52644369F009BABB0 /* AppDelegate.swift */,
				E81CCDEE264436A0009BABB0 /* Assets.xcassets */,
				E81CCDF0264436A0009BABB0 /* LaunchScreen.storyboard */,
				E81CCDF3264436A0009BABB0 /* Info.plist */,
			);
			path = Mediator;
			sourceTree = "<group>";
		};
		E81CCDFB264436A0009BABB0 /* MediatorTests */ = {
			isa = PBXGroup;
			children = (
				E81CCDFC264436A0009BABB0 /* MediatorTests.swift */,
				E81CCDFE264436A0009BABB0 /* Info.plist */,
			);
			path = MediatorTests;
			sourceTree = "<group>";
		};
		E81CCE06264436A0009BABB0 /* MediatorUITests */ = {
			isa = PBXGroup;
			children = (
				E81CCE07264436A0009BABB0 /* MediatorUITests.swift */,
				E81CCE09264436A0009BABB0 /* Info.plist */,
			);
			path = MediatorUITests;
			sourceTree = "<group>";
		};
		FCC005A7AEB9A56AC17C3268 /* Pods */ = {
			isa = PBXGroup;
			children = (
				04E77C1EDEC5D09A9E0CADE9 /* Pods-Mediator-Example-Mediator-Example.debug.xcconfig */,
				E8EBAB0952C90315B386C190 /* Pods-Mediator-Example-Mediator-Example.release.xcconfig */,
			);
			name = Pods;
			path = ../Pods;
			sourceTree = "<group>";
		};
/* End PBXGroup section */

/* Begin PBXNativeTarget section */
		E81CCDE12644369F009BABB0 /* Mediator-Example */ = {
			isa = PBXNativeTarget;
			buildConfigurationList = E81CCE0C264436A0009BABB0 /* Build configuration list for PBXNativeTarget "Mediator-Example" */;
			buildPhases = (
				CFDBF14574264CFC2F388C8F /* [CP] Check Pods Manifest.lock */,
				E81CCDDE2644369F009BABB0 /* Sources */,
				E81CCDDF2644369F009BABB0 /* Frameworks */,
				E81CCDE02644369F009BABB0 /* Resources */,
				01B490FC2A27FFE3AA1CADC5 /* [CP] Embed Pods Frameworks */,
			);
			buildRules = (
			);
			dependencies = (
			);
			name = "Mediator-Example";
			productName = Mediator;
			productReference = E81CCDE22644369F009BABB0 /* Mediator-Example.app */;
			productType = "com.apple.product-type.application";
		};
		E81CCDF7264436A0009BABB0 /* Mediator-ExampleTests */ = {
			isa = PBXNativeTarget;
			buildConfigurationList = E81CCE0F264436A0009BABB0 /* Build configuration list for PBXNativeTarget "Mediator-ExampleTests" */;
			buildPhases = (
				E81CCDF4264436A0009BABB0 /* Sources */,
				E81CCDF5264436A0009BABB0 /* Frameworks */,
				E81CCDF6264436A0009BABB0 /* Resources */,
			);
			buildRules = (
			);
			dependencies = (
				E81CCDFA264436A0009BABB0 /* PBXTargetDependency */,
			);
			name = "Mediator-ExampleTests";
			productName = MediatorTests;
			productReference = E81CCDF8264436A0009BABB0 /* Mediator-ExampleTests.xctest */;
			productType = "com.apple.product-type.bundle.unit-test";
		};
		E81CCE02264436A0009BABB0 /* Mediator-ExampleUITests */ = {
			isa = PBXNativeTarget;
			buildConfigurationList = E81CCE12264436A0009BABB0 /* Build configuration list for PBXNativeTarget "Mediator-ExampleUITests" */;
			buildPhases = (
				E81CCDFF264436A0009BABB0 /* Sources */,
				E81CCE00264436A0009BABB0 /* Frameworks */,
				E81CCE01264436A0009BABB0 /* Resources */,
			);
			buildRules = (
			);
			dependencies = (
				E81CCE05264436A0009BABB0 /* PBXTargetDependency */,
			);
			name = "Mediator-ExampleUITests";
			productName = MediatorUITests;
			productReference = E81CCE03264436A0009BABB0 /* Mediator-ExampleUITests.xctest */;
			productType = "com.apple.product-type.bundle.ui-testing";
		};
/* End PBXNativeTarget section */

/* Begin PBXProject section */
		E81CCDDA2644369F009BABB0 /* Project object */ = {
			isa = PBXProject;
			attributes = {
				LastSwiftUpdateCheck = 1250;
				LastUpgradeCheck = 1250;
				TargetAttributes = {
					E81CCDE12644369F009BABB0 = {
						CreatedOnToolsVersion = 12.5;
					};
					E81CCDF7264436A0009BABB0 = {
						CreatedOnToolsVersion = 12.5;
						TestTargetID = E81CCDE12644369F009BABB0;
					};
					E81CCE02264436A0009BABB0 = {
						CreatedOnToolsVersion = 12.5;
						TestTargetID = E81CCDE12644369F009BABB0;
					};
				};
			};
			buildConfigurationList = E81CCDDD2644369F009BABB0 /* Build configuration list for PBXProject "Mediator-Example" */;
			compatibilityVersion = "Xcode 9.3";
			developmentRegion = en;
			hasScannedForEncodings = 0;
			knownRegions = (
				en,
				Base,
			);
			mainGroup = E81CCDD92644369F009BABB0;
			productRefGroup = E81CCDE32644369F009BABB0 /* Products */;
			projectDirPath = "";
			projectRoot = "";
			targets = (
				E81CCDE12644369F009BABB0 /* Mediator-Example */,
				E81CCDF7264436A0009BABB0 /* Mediator-ExampleTests */,
				E81CCE02264436A0009BABB0 /* Mediator-ExampleUITests */,
			);
		};
/* End PBXProject section */

/* Begin PBXResourcesBuildPhase section */
		E81CCDE02644369F009BABB0 /* Resources */ = {
			isa = PBXResourcesBuildPhase;
			buildActionMask = 2147483647;
			files = (
				E81CCDF2264436A0009BABB0 /* LaunchScreen.storyboard in Resources */,
				E81CCDEF264436A0009BABB0 /* Assets.xcassets in Resources */,
			);
			runOnlyForDeploymentPostprocessing = 0;
		};
		E81CCDF6264436A0009BABB0 /* Resources */ = {
			isa = PBXResourcesBuildPhase;
			buildActionMask = 2147483647;
			files = (
			);
			runOnlyForDeploymentPostprocessing = 0;
		};
		E81CCE01264436A0009BABB0 /* Resources */ = {
			isa = PBXResourcesBuildPhase;
			buildActionMask = 2147483647;
			files = (
			);
			runOnlyForDeploymentPostprocessing = 0;
		};
/* End PBXResourcesBuildPhase section */

/* Begin PBXShellScriptBuildPhase section */
		01B490FC2A27FFE3AA1CADC5 /* [CP] Embed Pods Frameworks */ = {
			isa = PBXShellScriptBuildPhase;
			buildActionMask = 2147483647;
			files = (
			);
			inputFileListPaths = (
				"${PODS_ROOT}/Target Support Files/Pods-Mediator-Example-Mediator-Example/Pods-Mediator-Example-Mediator-Example-frameworks-${CONFIGURATION}-input-files.xcfilelist",
			);
			name = "[CP] Embed Pods Frameworks";
			outputFileListPaths = (
				"${PODS_ROOT}/Target Support Files/Pods-Mediator-Example-Mediator-Example/Pods-Mediator-Example-Mediator-Example-frameworks-${CONFIGURATION}-output-files.xcfilelist",
			);
			runOnlyForDeploymentPostprocessing = 0;
			shellPath = /bin/sh;
			shellScript = "\"${PODS_ROOT}/Target Support Files/Pods-Mediator-Example-Mediator-Example/Pods-Mediator-Example-Mediator-Example-frameworks.sh\"\n";
			showEnvVarsInLog = 0;
		};
		CFDBF14574264CFC2F388C8F /* [CP] Check Pods Manifest.lock */ = {
			isa = PBXShellScriptBuildPhase;
			buildActionMask = 2147483647;
			files = (
			);
			inputFileListPaths = (
			);
			inputPaths = (
				"${PODS_PODFILE_DIR_PATH}/Podfile.lock",
				"${PODS_ROOT}/Manifest.lock",
			);
			name = "[CP] Check Pods Manifest.lock";
			outputFileListPaths = (
			);
			outputPaths = (
				"$(DERIVED_FILE_DIR)/Pods-Mediator-Example-Mediator-Example-checkManifestLockResult.txt",
			);
			runOnlyForDeploymentPostprocessing = 0;
			shellPath = /bin/sh;
			shellScript = "diff \"${PODS_PODFILE_DIR_PATH}/Podfile.lock\" \"${PODS_ROOT}/Manifest.lock\" > /dev/null\nif [ $? != 0 ] ; then\n    # print error to STDERR\n    echo \"error: The sandbox is not in sync with the Podfile.lock. Run 'pod install' or update your CocoaPods installation.\" >&2\n    exit 1\nfi\n# This output is used by Xcode 'outputs' to avoid re-running this script phase.\necho \"SUCCESS\" > \"${SCRIPT_OUTPUT_FILE_0}\"\n";
			showEnvVarsInLog = 0;
		};
/* End PBXShellScriptBuildPhase section */

/* Begin PBXSourcesBuildPhase section */
		E81CCDDE2644369F009BABB0 /* Sources */ = {
			isa = PBXSourcesBuildPhase;
			buildActionMask = 2147483647;
			files = (
				E81CCDE62644369F009BABB0 /* AppDelegate.swift in Sources */,
			);
			runOnlyForDeploymentPostprocessing = 0;
		};
		E81CCDF4264436A0009BABB0 /* Sources */ = {
			isa = PBXSourcesBuildPhase;
			buildActionMask = 2147483647;
			files = (
				E81CCDFD264436A0009BABB0 /* MediatorTests.swift in Sources */,
			);
			runOnlyForDeploymentPostprocessing = 0;
		};
		E81CCDFF264436A0009BABB0 /* Sources */ = {
			isa = PBXSourcesBuildPhase;
			buildActionMask = 2147483647;
			files = (
				E81CCE08264436A0009BABB0 /* MediatorUITests.swift in Sources */,
			);
			runOnlyForDeploymentPostprocessing = 0;
		};
/* End PBXSourcesBuildPhase section */

/* Begin PBXTargetDependency section */
		E81CCDFA264436A0009BABB0 /* PBXTargetDependency */ = {
			isa = PBXTargetDependency;
			target = E81CCDE12644369F009BABB0 /* Mediator-Example */;
			targetProxy = E81CCDF9264436A0009BABB0 /* PBXContainerItemProxy */;
		};
		E81CCE05264436A0009BABB0 /* PBXTargetDependency */ = {
			isa = PBXTargetDependency;
			target = E81CCDE12644369F009BABB0 /* Mediator-Example */;
			targetProxy = E81CCE04264436A0009BABB0 /* PBXContainerItemProxy */;
		};
/* End PBXTargetDependency section */

/* Begin PBXVariantGroup section */
		E81CCDF0264436A0009BABB0 /* LaunchScreen.storyboard */ = {
			isa = PBXVariantGroup;
			children = (
				E81CCDF1264436A0009BABB0 /* Base */,
			);
			name = LaunchScreen.storyboard;
			sourceTree = "<group>";
		};
/* End PBXVariantGroup section */

/* Begin XCBuildConfiguration section */
		E81CCE0A264436A0009BABB0 /* Debug */ = {
			isa = XCBuildConfiguration;
			buildSettings = {
				ALWAYS_SEARCH_USER_PATHS = NO;
				CLANG_ANALYZER_NONNULL = YES;
				CLANG_ANALYZER_NUMBER_OBJECT_CONVERSION = YES_AGGRESSIVE;
				CLANG_CXX_LANGUAGE_STANDARD = "gnu++14";
				CLANG_CXX_LIBRARY = "libc++";
				CLANG_ENABLE_MODULES = YES;
				CLANG_ENABLE_OBJC_ARC = YES;
				CLANG_ENABLE_OBJC_WEAK = YES;
				CLANG_WARN_BLOCK_CAPTURE_AUTORELEASING = YES;
				CLANG_WARN_BOOL_CONVERSION = YES;
				CLANG_WARN_COMMA = YES;
				CLANG_WARN_CONSTANT_CONVERSION = YES;
				CLANG_WARN_DEPRECATED_OBJC_IMPLEMENTATIONS = YES;
				CLANG_WARN_DIRECT_OBJC_ISA_USAGE = YES_ERROR;
				CLANG_WARN_DOCUMENTATION_COMMENTS = YES;
				CLANG_WARN_EMPTY_BODY = YES;
				CLANG_WARN_ENUM_CONVERSION = YES;
				CLANG_WARN_INFINITE_RECURSION = YES;
				CLANG_WARN_INT_CONVERSION = YES;
				CLANG_WARN_NON_LITERAL_NULL_CONVERSION = YES;
				CLANG_WARN_OBJC_IMPLICIT_RETAIN_SELF = YES;
				CLANG_WARN_OBJC_LITERAL_CONVERSION = YES;
				CLANG_WARN_OBJC_ROOT_CLASS = YES_ERROR;
				CLANG_WARN_QUOTED_INCLUDE_IN_FRAMEWORK_HEADER = YES;
				CLANG_WARN_RANGE_LOOP_ANALYSIS = YES;
				CLANG_WARN_STRICT_PROTOTYPES = YES;
				CLANG_WARN_SUSPICIOUS_MOVE = YES;
				CLANG_WARN_UNGUARDED_AVAILABILITY = YES_AGGRESSIVE;
				CLANG_WARN_UNREACHABLE_CODE = YES;
				CLANG_WARN__DUPLICATE_METHOD_MATCH = YES;
				COPY_PHASE_STRIP = NO;
				DEBUG_INFORMATION_FORMAT = dwarf;
				ENABLE_STRICT_OBJC_MSGSEND = YES;
				ENABLE_TESTABILITY = YES;
				GCC_C_LANGUAGE_STANDARD = gnu11;
				GCC_DYNAMIC_NO_PIC = NO;
				GCC_NO_COMMON_BLOCKS = YES;
				GCC_OPTIMIZATION_LEVEL = 0;
				GCC_PREPROCESSOR_DEFINITIONS = (
					"DEBUG=1",
					"$(inherited)",
				);
				GCC_WARN_64_TO_32_BIT_CONVERSION = YES;
				GCC_WARN_ABOUT_RETURN_TYPE = YES_ERROR;
				GCC_WARN_UNDECLARED_SELECTOR = YES;
				GCC_WARN_UNINITIALIZED_AUTOS = YES_AGGRESSIVE;
				GCC_WARN_UNUSED_FUNCTION = YES;
				GCC_WARN_UNUSED_VARIABLE = YES;
				IPHONEOS_DEPLOYMENT_TARGET = 10.0;
				MTL_ENABLE_DEBUG_INFO = INCLUDE_SOURCE;
				MTL_FAST_MATH = YES;
				ONLY_ACTIVE_ARCH = YES;
				SDKROOT = iphoneos;
				SWIFT_ACTIVE_COMPILATION_CONDITIONS = DEBUG;
				SWIFT_OPTIMIZATION_LEVEL = "-Onone";
			};
			name = Debug;
		};
		E81CCE0B264436A0009BABB0 /* Release */ = {
			isa = XCBuildConfiguration;
			buildSettings = {
				ALWAYS_SEARCH_USER_PATHS = NO;
				CLANG_ANALYZER_NONNULL = YES;
				CLANG_ANALYZER_NUMBER_OBJECT_CONVERSION = YES_AGGRESSIVE;
				CLANG_CXX_LANGUAGE_STANDARD = "gnu++14";
				CLANG_CXX_LIBRARY = "libc++";
				CLANG_ENABLE_MODULES = YES;
				CLANG_ENABLE_OBJC_ARC = YES;
				CLANG_ENABLE_OBJC_WEAK = YES;
				CLANG_WARN_BLOCK_CAPTURE_AUTORELEASING = YES;
				CLANG_WARN_BOOL_CONVERSION = YES;
				CLANG_WARN_COMMA = YES;
				CLANG_WARN_CONSTANT_CONVERSION = YES;
				CLANG_WARN_DEPRECATED_OBJC_IMPLEMENTATIONS = YES;
				CLANG_WARN_DIRECT_OBJC_ISA_USAGE = YES_ERROR;
				CLANG_WARN_DOCUMENTATION_COMMENTS = YES;
				CLANG_WARN_EMPTY_BODY = YES;
				CLANG_WARN_ENUM_CONVERSION = YES;
				CLANG_WARN_INFINITE_RECURSION = YES;
				CLANG_WARN_INT_CONVERSION = YES;
				CLANG_WARN_NON_LITERAL_NULL_CONVERSION = YES;
				CLANG_WARN_OBJC_IMPLICIT_RETAIN_SELF = YES;
				CLANG_WARN_OBJC_LITERAL_CONVERSION = YES;
				CLANG_WARN_OBJC_ROOT_CLASS = YES_ERROR;
				CLANG_WARN_QUOTED_INCLUDE_IN_FRAMEWORK_HEADER = YES;
				CLANG_WARN_RANGE_LOOP_ANALYSIS = YES;
				CLANG_WARN_STRICT_PROTOTYPES = YES;
				CLANG_WARN_SUSPICIOUS_MOVE = YES;
				CLANG_WARN_UNGUARDED_AVAILABILITY = YES_AGGRESSIVE;
				CLANG_WARN_UNREACHABLE_CODE = YES;
				CLANG_WARN__DUPLICATE_METHOD_MATCH = YES;
				COPY_PHASE_STRIP = NO;
				DEBUG_INFORMATION_FORMAT = "dwarf-with-dsym";
				ENABLE_NS_ASSERTIONS = NO;
				ENABLE_STRICT_OBJC_MSGSEND = YES;
				GCC_C_LANGUAGE_STANDARD = gnu11;
				GCC_NO_COMMON_BLOCKS = YES;
				GCC_WARN_64_TO_32_BIT_CONVERSION = YES;
				GCC_WARN_ABOUT_RETURN_TYPE = YES_ERROR;
				GCC_WARN_UNDECLARED_SELECTOR = YES;
				GCC_WARN_UNINITIALIZED_AUTOS = YES_AGGRESSIVE;
				GCC_WARN_UNUSED_FUNCTION = YES;
				GCC_WARN_UNUSED_VARIABLE = YES;
				IPHONEOS_DEPLOYMENT_TARGET = 10.0;
				MTL_ENABLE_DEBUG_INFO = NO;
				MTL_FAST_MATH = YES;
				SDKROOT = iphoneos;
				SWIFT_COMPILATION_MODE = wholemodule;
				SWIFT_OPTIMIZATION_LEVEL = "-O";
				VALIDATE_PRODUCT = YES;
			};
			name = Release;
		};
		E81CCE0D264436A0009BABB0 /* Debug */ = {
			isa = XCBuildConfiguration;
			baseConfigurationReference = 04E77C1EDEC5D09A9E0CADE9 /* Pods-Mediator-Example-Mediator-Example.debug.xcconfig */;
			buildSettings = {
				ASSETCATALOG_COMPILER_APPICON_NAME = AppIcon;
				ASSETCATALOG_COMPILER_GLOBAL_ACCENT_COLOR_NAME = AccentColor;
				CODE_SIGN_STYLE = Automatic;
				INFOPLIST_FILE = Mediator/Info.plist;
				LD_RUNPATH_SEARCH_PATHS = (
					"$(inherited)",
					"@executable_path/Frameworks",
				);
				PRODUCT_BUNDLE_IDENTIFIER = com.lp.yaowang.Mediator;
				PRODUCT_NAME = "$(TARGET_NAME)";
				SWIFT_VERSION = 5.0;
				TARGETED_DEVICE_FAMILY = "1,2";
			};
			name = Debug;
		};
		E81CCE0E264436A0009BABB0 /* Release */ = {
			isa = XCBuildConfiguration;
			baseConfigurationReference = E8EBAB0952C90315B386C190 /* Pods-Mediator-Example-Mediator-Example.release.xcconfig */;
			buildSettings = {
				ASSETCATALOG_COMPILER_APPICON_NAME = AppIcon;
				ASSETCATALOG_COMPILER_GLOBAL_ACCENT_COLOR_NAME = AccentColor;
				CODE_SIGN_STYLE = Automatic;
				INFOPLIST_FILE = Mediator/Info.plist;
				LD_RUNPATH_SEARCH_PATHS = (
					"$(inherited)",
					"@executable_path/Frameworks",
				);
				PRODUCT_BUNDLE_IDENTIFIER = com.lp.yaowang.Mediator;
				PRODUCT_NAME = "$(TARGET_NAME)";
				SWIFT_VERSION = 5.0;
				TARGETED_DEVICE_FAMILY = "1,2";
			};
			name = Release;
		};
		E81CCE10264436A0009BABB0 /* Debug */ = {
			isa = XCBuildConfiguration;
			buildSettings = {
				ALWAYS_EMBED_SWIFT_STANDARD_LIBRARIES = YES;
				BUNDLE_LOADER = "$(TEST_HOST)";
				CODE_SIGN_STYLE = Automatic;
				INFOPLIST_FILE = MediatorTests/Info.plist;
				IPHONEOS_DEPLOYMENT_TARGET = 14.5;
				LD_RUNPATH_SEARCH_PATHS = (
					"$(inherited)",
					"@executable_path/Frameworks",
					"@loader_path/Frameworks",
				);
				PRODUCT_BUNDLE_IDENTIFIER = com.lp.yaowang.MediatorTests;
				PRODUCT_NAME = "$(TARGET_NAME)";
				SWIFT_VERSION = 5.0;
				TARGETED_DEVICE_FAMILY = "1,2";
				TEST_HOST = "$(BUILT_PRODUCTS_DIR)/Mediator-Example.app/Mediator-Example";
			};
			name = Debug;
		};
		E81CCE11264436A0009BABB0 /* Release */ = {
			isa = XCBuildConfiguration;
			buildSettings = {
				ALWAYS_EMBED_SWIFT_STANDARD_LIBRARIES = YES;
				BUNDLE_LOADER = "$(TEST_HOST)";
				CODE_SIGN_STYLE = Automatic;
				INFOPLIST_FILE = MediatorTests/Info.plist;
				IPHONEOS_DEPLOYMENT_TARGET = 14.5;
				LD_RUNPATH_SEARCH_PATHS = (
					"$(inherited)",
					"@executable_path/Frameworks",
					"@loader_path/Frameworks",
				);
				PRODUCT_BUNDLE_IDENTIFIER = com.lp.yaowang.MediatorTests;
				PRODUCT_NAME = "$(TARGET_NAME)";
				SWIFT_VERSION = 5.0;
				TARGETED_DEVICE_FAMILY = "1,2";
				TEST_HOST = "$(BUILT_PRODUCTS_DIR)/Mediator-Example.app/Mediator-Example";
			};
			name = Release;
		};
		E81CCE13264436A0009BABB0 /* Debug */ = {
			isa = XCBuildConfiguration;
			buildSettings = {
				ALWAYS_EMBED_SWIFT_STANDARD_LIBRARIES = YES;
				CODE_SIGN_STYLE = Automatic;
				INFOPLIST_FILE = MediatorUITests/Info.plist;
				LD_RUNPATH_SEARCH_PATHS = (
					"$(inherited)",
					"@executable_path/Frameworks",
					"@loader_path/Frameworks",
				);
				PRODUCT_BUNDLE_IDENTIFIER = com.lp.yaowang.MediatorUITests;
				PRODUCT_NAME = "$(TARGET_NAME)";
				SWIFT_VERSION = 5.0;
				TARGETED_DEVICE_FAMILY = "1,2";
				TEST_TARGET_NAME = Mediator;
			};
			name = Debug;
		};
		E81CCE14264436A0009BABB0 /* Release */ = {
			isa = XCBuildConfiguration;
			buildSettings = {
				ALWAYS_EMBED_SWIFT_STANDARD_LIBRARIES = YES;
				CODE_SIGN_STYLE = Automatic;
				INFOPLIST_FILE = MediatorUITests/Info.plist;
				LD_RUNPATH_SEARCH_PATHS = (
					"$(inherited)",
					"@executable_path/Frameworks",
					"@loader_path/Frameworks",
				);
				PRODUCT_BUNDLE_IDENTIFIER = com.lp.yaowang.MediatorUITests;
				PRODUCT_NAME = "$(TARGET_NAME)";
				SWIFT_VERSION = 5.0;
				TARGETED_DEVICE_FAMILY = "1,2";
				TEST_TARGET_NAME = Mediator;
			};
			name = Release;
		};
/* End XCBuildConfiguration section */

/* Begin XCConfigurationList section */
		E81CCDDD2644369F009BABB0 /* Build configuration list for PBXProject "Mediator-Example" */ = {
			isa = XCConfigurationList;
			buildConfigurations = (
				E81CCE0A264436A0009BABB0 /* Debug */,
				E81CCE0B264436A0009BABB0 /* Release */,
			);
			defaultConfigurationIsVisible = 0;
			defaultConfigurationName = Release;
		};
		E81CCE0C264436A0009BABB0 /* Build configuration list for PBXNativeTarget "Mediator-Example" */ = {
			isa = XCConfigurationList;
			buildConfigurations = (
				E81CCE0D264436A0009BABB0 /* Debug */,
				E81CCE0E264436A0009BABB0 /* Release */,
			);
			defaultConfigurationIsVisible = 0;
			defaultConfigurationName = Release;
		};
		E81CCE0F264436A0009BABB0 /* Build configuration list for PBXNativeTarget "Mediator-ExampleTests" */ = {
			isa = XCConfigurationList;
			buildConfigurations = (
				E81CCE10264436A0009BABB0 /* Debug */,
				E81CCE11264436A0009BABB0 /* Release */,
			);
			defaultConfigurationIsVisible = 0;
			defaultConfigurationName = Release;
		};
		E81CCE12264436A0009BABB0 /* Build configuration list for PBXNativeTarget "Mediator-ExampleUITests" */ = {
			isa = XCConfigurationList;
			buildConfigurations = (
				E81CCE13264436A0009BABB0 /* Debug */,
				E81CCE14264436A0009BABB0 /* Release */,
			);
			defaultConfigurationIsVisible = 0;
			defaultConfigurationName = Release;
		};
/* End XCConfigurationList section */
	};
	rootObject = E81CCDDA2644369F009BABB0 /* Project object */;
}
